
Microsoft Visual Studio Solution File, Format Version 12.00
# Visual Studio Version 17
VisualStudioVersion = 17.0.31903.59
MinimumVisualStudioVersion = 10.0.40219.1
Project("{2150E333-8FDC-42A3-9474-1A3956D46DE8}") = "src", "src", "{827E0CD3-B72D-47B6-A68D-7590B98EB39B}"
EndProject
Project("{FAE04EC0-301F-11D3-BF4B-00C04F79EFBC}") = "AjaiaDocs.Core", "src\AjaiaDocs.Core\AjaiaDocs.Core.csproj", "{5DFC3A63-F756-415F-8F87-30DD401A74BD}"
EndProject
Project("{FAE04EC0-301F-11D3-BF4B-00C04F79EFBC}") = "AjaiaDocs.Application", "src\AjaiaDocs.Application\AjaiaDocs.Application.csproj", "{6C0F8993-66A2-41C9-9EA0-C31289CFDAC1}"
EndProject
Project("{FAE04EC0-301F-11D3-BF4B-00C04F79EFBC}") = "AjaiaDocs.Infrastructure", "src\AjaiaDocs.Infrastructure\AjaiaDocs.Infrastructure.csproj", "{DA382B00-FF3F-4FB8-A6EC-795C9492F1BA}"
EndProject
Project("{FAE04EC0-301F-11D3-BF4B-00C04F79EFBC}") = "AjaiaDocs.Api", "src\AjaiaDocs.Api\AjaiaDocs.Api.csproj", "{FABEF656-945D-4768-8307-062A0B03521B}"
EndProject
Project("{2150E333-8FDC-42A3-9474-1A3956D46DE8}") = "tests", "tests", "{0AB3BF05-4346-4AA6-1389-037BE0695223}"
EndProject
Project("{FAE04EC0-301F-11D3-BF4B-00C04F79EFBC}") = "AjaiaDocs.UnitTests", "tests\AjaiaDocs.UnitTests\AjaiaDocs.UnitTests.csproj", "{BCABAC18-C707-46B6-88E1-BFFD25DD9240}"
EndProject
Project("{FAE04EC0-301F-11D3-BF4B-00C04F79EFBC}") = "AjaiaDocs.IntegrationTests", "tests\AjaiaDocs.IntegrationTests\AjaiaDocs.IntegrationTests.csproj", "{13EE91BB-9185-424F-8A58-8830869AB907}"
EndProject
Global
	GlobalSection(SolutionConfigurationPlatforms) = preSolution
		Debug|Any CPU = Debug|Any CPU
		Debug|x64 = Debug|x64
		Debug|x86 = Debug|x86
		Release|Any CPU = Release|Any CPU
		Release|x64 = Release|x64
		Release|x86 = Release|x86
	EndGlobalSection
	GlobalSection(ProjectConfigurationPlatforms) = postSolution
		{5DFC3A63-F756-415F-8F87-30DD401A74BD}.Debug|Any CPU.ActiveCfg = Debug|Any CPU
		{5DFC3A63-F756-415F-8F87-30DD401A74BD}.Debug|Any CPU.Build.0 = Debug|Any CPU
		{5DFC3A63-F756-415F-8F87-30DD401A74BD}.Debug|x64.ActiveCfg = Debug|Any CPU
		{5DFC3A63-F756-415F-8F87-30DD401A74BD}.Debug|x64.Build.0 = Debug|Any CPU
		{5DFC3A63-F756-415F-8F87-30DD401A74BD}.Debug|x86.ActiveCfg = Debug|Any CPU
		{5DFC3A63-F756-415F-8F87-30DD401A74BD}.Debug|x86.Build.0 = Debug|Any CPU
		{5DFC3A63-F756-415F-8F87-30DD401A74BD}.Release|Any CPU.ActiveCfg = Release|Any CPU
		{5DFC3A63-F756-415F-8F87-30DD401A74BD}.Release|Any CPU.Build.0 = Release|Any CPU
		{5DFC3A63-F756-415F-8F87-30DD401A74BD}.Release|x64.ActiveCfg = Release|Any CPU
		{5DFC3A63-F756-415F-8F87-30DD401A74BD}.Release|x64.Build.0 = Release|Any CPU
		{5DFC3A63-F756-415F-8F87-30DD401A74BD}.Release|x86.ActiveCfg = Release|Any CPU
		{5DFC3A63-F756-415F-8F87-30DD401A74BD}.Release|x86.Build.0 = Release|Any CPU
		{6C0F8993-66A2-41C9-9EA0-C31289CFDAC1}.Debug|Any CPU.ActiveCfg = Debug|Any CPU
		{6C0F8993-66A2-41C9-9EA0-C31289CFDAC1}.Debug|Any CPU.Build.0 = Debug|Any CPU
		{6C0F8993-66A2-41C9-9EA0-C31289CFDAC1}.Debug|x64.ActiveCfg = Debug|Any CPU
		{6C0F8993-66A2-41C9-9EA0-C31289CFDAC1}.Debug|x64.Build.0 = Debug|Any CPU
		{6C0F8993-66A2-41C9-9EA0-C31289CFDAC1}.Debug|x86.ActiveCfg = Debug|Any CPU
		{6C0F8993-66A2-41C9-9EA0-C31289CFDAC1}.Debug|x86.Build.0 = Debug|Any CPU
		{6C0F8993-66A2-41C9-9EA0-C31289CFDAC1}.Release|Any CPU.ActiveCfg = Release|Any CPU
		{6C0F8993-66A2-41C9-9EA0-C31289CFDAC1}.Release|Any CPU.Build.0 = Release|Any CPU
		{6C0F8993-66A2-41C9-9EA0-C31289CFDAC1}.Release|x64.ActiveCfg = Release|Any CPU
		{6C0F8993-66A2-41C9-9EA0-C31289CFDAC1}.Release|x64.Build.0 = Release|Any CPU
		{6C0F8993-66A2-41C9-9EA0-C31289CFDAC1}.Release|x86.ActiveCfg = Release|Any CPU
		{6C0F8993-66A2-41C9-9EA0-C31289CFDAC1}.Release|x86.Build.0 = Release|Any CPU
		{DA382B00-FF3F-4FB8-A6EC-795C9492F1BA}.Debug|Any CPU.ActiveCfg = Debug|Any CPU
		{DA382B00-FF3F-4FB8-A6EC-795C9492F1BA}.Debug|Any CPU.Build.0 = Debug|Any CPU
		{DA382B00-FF3F-4FB8-A6EC-795C9492F1BA}.Debug|x64.ActiveCfg = Debug|Any CPU
		{DA382B00-FF3F-4FB8-A6EC-795C9492F1BA}.Debug|x64.Build.0 = Debug|Any CPU
		{DA382B00-FF3F-4FB8-A6EC-795C9492F1BA}.Debug|x86.ActiveCfg = Debug|Any CPU
		{DA382B00-FF3F-4FB8-A6EC-795C9492F1BA}.Debug|x86.Build.0 = Debug|Any CPU
		{DA382B00-FF3F-4FB8-A6EC-795C9492F1BA}.Release|Any CPU.ActiveCfg = Release|Any CPU
		{DA382B00-FF3F-4FB8-A6EC-795C9492F1BA}.Release|Any CPU.Build.0 = Release|Any CPU
		{DA382B00-FF3F-4FB8-A6EC-795C9492F1BA}.Release|x64.ActiveCfg = Release|Any CPU
		{DA382B00-FF3F-4FB8-A6EC-795C9492F1BA}.Release|x64.Build.0 = Release|Any CPU
		{DA382B00-FF3F-4FB8-A6EC-795C9492F1BA}.Release|x86.ActiveCfg = Release|Any CPU
		{DA382B00-FF3F-4FB8-A6EC-795C9492F1BA}.Release|x86.Build.0 = Release|Any CPU
		{FABEF656-945D-4768-8307-062A0B03521B}.Debug|Any CPU.ActiveCfg = Debug|Any CPU
		{FABEF656-945D-4768-8307-062A0B03521B}.Debug|Any CPU.Build.0 = Debug|Any CPU
		{FABEF656-945D-4768-8307-062A0B03521B}.Debug|x64.ActiveCfg = Debug|Any CPU
		{FABEF656-945D-4768-8307-062A0B03521B}.Debug|x64.Build.0 = Debug|Any CPU
		{FABEF656-945D-4768-8307-062A0B03521B}.Debug|x86.ActiveCfg = Debug|Any CPU
		{FABEF656-945D-4768-8307-062A0B03521B}.Debug|x86.Build.0 = Debug|Any CPU
		{FABEF656-945D-4768-8307-062A0B03521B}.Release|Any CPU.ActiveCfg = Release|Any CPU
		{FABEF656-945D-4768-8307-062A0B03521B}.Release|Any CPU.Build.0 = Release|Any CPU
		{FABEF656-945D-4768-8307-062A0B03521B}.Release|x64.ActiveCfg = Release|Any CPU
		{FABEF656-945D-4768-8307-062A0B03521B}.Release|x64.Build.0 = Release|Any CPU
		{FABEF656-945D-4768-8307-062A0B03521B}.Release|x86.ActiveCfg = Release|Any CPU
		{FABEF656-945D-4768-8307-062A0B03521B}.Release|x86.Build.0 = Release|Any CPU
		{BCABAC18-C707-46B6-88E1-BFFD25DD9240}.Debug|Any CPU.ActiveCfg = Debug|Any CPU
		{BCABAC18-C707-46B6-88E1-BFFD25DD9240}.Debug|Any CPU.Build.0 = Debug|Any CPU
		{BCABAC18-C707-46B6-88E1-BFFD25DD9240}.Debug|x64.ActiveCfg = Debug|Any CPU
		{BCABAC18-C707-46B6-88E1-BFFD25DD9240}.Debug|x64.Build.0 = Debug|Any CPU
		{BCABAC18-C707-46B6-88E1-BFFD25DD9240}.Debug|x86.ActiveCfg = Debug|Any CPU
		{BCABAC18-C707-46B6-88E1-BFFD25DD9240}.Debug|x86.Build.0 = Debug|Any CPU
		{BCABAC18-C707-46B6-88E1-BFFD25DD9240}.Release|Any CPU.ActiveCfg = Release|Any CPU
		{BCABAC18-C707-46B6-88E1-BFFD25DD9240}.Release|Any CPU.Build.0 = Release|Any CPU
		{BCABAC18-C707-46B6-88E1-BFFD25DD9240}.Release|x64.ActiveCfg = Release|Any CPU
		{BCABAC18-C707-46B6-88E1-BFFD25DD9240}.Release|x64.Build.0 = Release|Any CPU
		{BCABAC18-C707-46B6-88E1-BFFD25DD9240}.Release|x86.ActiveCfg = Release|Any CPU
		{BCABAC18-C707-46B6-88E1-BFFD25DD9240}.Release|x86.Build.0 = Release|Any CPU
		{13EE91BB-9185-424F-8A58-8830869AB907}.Debug|Any CPU.ActiveCfg = Debug|Any CPU
		{13EE91BB-9185-424F-8A58-8830869AB907}.Debug|Any CPU.Build.0 = Debug|Any CPU
		{13EE91BB-9185-424F-8A58-8830869AB907}.Debug|x64.ActiveCfg = Debug|Any CPU
		{13EE91BB-9185-424F-8A58-8830869AB907}.Debug|x64.Build.0 = Debug|Any CPU
		{13EE91BB-9185-424F-8A58-8830869AB907}.Debug|x86.ActiveCfg = Debug|Any CPU
		{13EE91BB-9185-424F-8A58-8830869AB907}.Debug|x86.Build.0 = Debug|Any CPU
		{13EE91BB-9185-424F-8A58-8830869AB907}.Release|Any CPU.ActiveCfg = Release|Any CPU
		{13EE91BB-9185-424F-8A58-8830869AB907}.Release|Any CPU.Build.0 = Release|Any CPU
		{13EE91BB-9185-424F-8A58-8830869AB907}.Release|x64.ActiveCfg = Release|Any CPU
		{13EE91BB-9185-424F-8A58-8830869AB907}.Release|x64.Build.0 = Release|Any CPU
		{13EE91BB-9185-424F-8A58-8830869AB907}.Release|x86.ActiveCfg = Release|Any CPU
		{13EE91BB-9185-424F-8A58-8830869AB907}.Release|x86.Build.0 = Release|Any CPU
	EndGlobalSection
	GlobalSection(SolutionProperties) = preSolution
		HideSolutionNode = FALSE
	EndGlobalSection
	GlobalSection(NestedProjects) = preSolution
		{5DFC3A63-F756-415F-8F87-30DD401A74BD} = {827E0CD3-B72D-47B6-A68D-7590B98EB39B}
		{6C0F8993-66A2-41C9-9EA0-C31289CFDAC1} = {827E0CD3-B72D-47B6-A68D-7590B98EB39B}
		{DA382B00-FF3F-4FB8-A6EC-795C9492F1BA} = {827E0CD3-B72D-47B6-A68D-7590B98EB39B}
		{FABEF656-945D-4768-8307-062A0B03521B} = {827E0CD3-B72D-47B6-A68D-7590B98EB39B}
		{BCABAC18-C707-46B6-88E1-BFFD25DD9240} = {0AB3BF05-4346-4AA6-1389-037BE0695223}
		{13EE91BB-9185-424F-8A58-8830869AB907} = {0AB3BF05-4346-4AA6-1389-037BE0695223}
	EndGlobalSection
EndGlobal
